# This file is automatically @generated by Cargo.
# It is not intended for manual editing.
version = 4

[[package]]
name = "addr2line"
version = "0.21.0"
source = "registry+https://github.com/rust-lang/crates.io-index"
checksum = "8a30b2e23b9e17a9f90641c7ab1549cd9b44f296d3ccbf309d2863cfe398a0cb"
dependencies = [
 "gimli",
]

[[package]]
name = "adler"
version = "1.0.2"
source = "registry+https://github.com/rust-lang/crates.io-index"
checksum = "f26201604c87b1e01bd3d98f8d5d9a8fcbb815e8cedb41ffccbeb4bf593a35fe"

[[package]]
name = "amqp_serde"
version = "0.4.2"
source = "registry+https://github.com/rust-lang/crates.io-index"
checksum = "46af430da4849b906416235798be5d0b8ff07e478d9809f05a00f81eb9527781"
dependencies = [
 "bytes",
 "serde",
 "serde_bytes",
]

[[package]]
name = "amqprs"
version = "2.1.1"
source = "registry+https://github.com/rust-lang/crates.io-index"
checksum = "e83a0f9ce1cbad9e7f9e7c6e7e7576c28e3a8d18a2a0d1d2a8db694b35eee254"
dependencies = [
 "amqp_serde",
 "async-trait",
 "bytes",
 "serde",
 "serde_bytes",
 "tokio",
]

[[package]]
name = "android-tzdata"
version = "0.1.1"
source = "registry+https://github.com/rust-lang/crates.io-index"
checksum = "e999941b234f3131b00bc13c22d06e8c5ff726d1b6318ac7eb276997bbb4fef0"

[[package]]
name = "android_system_properties"
version = "0.1.5"
source = "registry+https://github.com/rust-lang/crates.io-index"
checksum = "819e7219dbd41043ac279b19830f2efc897156490d7fd6ea916720117ee66311"
dependencies = [
 "libc",
]

[[package]]
name = "async-stream"
version = "0.3.5"
source = "registry+https://github.com/rust-lang/crates.io-index"
checksum = "cd56dd203fef61ac097dd65721a419ddccb106b2d2b70ba60a6b529f03961a51"
dependencies = [
 "async-stream-impl",
 "futures-core",
 "pin-project-lite",
]

[[package]]
name = "async-stream-impl"
version = "0.3.5"
source = "registry+https://github.com/rust-lang/crates.io-index"
checksum = "16e62a023e7c117e27523144c5d2459f4397fcc3cab0085af8e2224f643a0193"
dependencies = [
 "proc-macro2",
 "quote",
 "syn",
]

[[package]]
name = "async-trait"
version = "0.1.74"
source = "registry+https://github.com/rust-lang/crates.io-index"
checksum = "a66537f1bb974b254c98ed142ff995236e81b9d0fe4db0575f46612cb15eb0f9"
dependencies = [
 "proc-macro2",
 "quote",
 "syn",
]

[[package]]
name = "atomic_float"
version = "1.1.0"
source = "registry+https://github.com/rust-lang/crates.io-index"
checksum = "628d228f918ac3b82fe590352cc719d30664a0c13ca3a60266fe02c7132d480a"

[[package]]
name = "autocfg"
version = "1.1.0"
source = "registry+https://github.com/rust-lang/crates.io-index"
checksum = "d468802bab17cbc0cc575e9b053f41e72aa36bfa6b7f55e3529ffa43161b97fa"

[[package]]
name = "backtrace"
version = "0.3.69"
source = "registry+https://github.com/rust-lang/crates.io-index"
checksum = "2089b7e3f35b9dd2d0ed921ead4f6d318c27680d4a5bd167b3ee120edb105837"
dependencies = [
 "addr2line",
 "cc",
 "cfg-if",
 "libc",
 "miniz_oxide",
 "object",
 "rustc-demangle",
]

[[package]]
name = "bitflags"
version = "1.3.2"
source = "registry+https://github.com/rust-lang/crates.io-index"
checksum = "bef38d45163c2f1dde094a7dfd33ccf595c92905c8f8f4fdc18d06fb1037718a"

[[package]]
name = "bitflags"
version = "2.4.1"
source = "registry+https://github.com/rust-lang/crates.io-index"
checksum = "327762f6e5a765692301e5bb513e0d9fef63be86bbc14528052b1cd3e6f03e07"

[[package]]
name = "bumpalo"
version = "3.14.0"
source = "registry+https://github.com/rust-lang/crates.io-index"
checksum = "7f30e7476521f6f8af1a1c4c0b8cc94f0bee37d91763d0ca2665f299b6cd8aec"

[[package]]
name = "bytes"
version = "1.5.0"
source = "registry+https://github.com/rust-lang/crates.io-index"
checksum = "a2bd12c1caf447e69cd4528f47f94d203fd2582878ecb9e9465484c4148a8223"

[[package]]
name = "bytesize"
version = "2.0.1"
source = "registry+https://github.com/rust-lang/crates.io-index"
checksum = "a3c8f83209414aacf0eeae3cf730b18d6981697fba62f200fcfb92b9f082acba"
dependencies = [
 "serde",
]

[[package]]
name = "cc"
version = "1.0.83"
source = "registry+https://github.com/rust-lang/crates.io-index"
checksum = "f1174fb0b6ec23863f8b971027804a42614e347eafb0a95bf0b12cdae21fc4d0"
dependencies = [
 "libc",
]

[[package]]
name = "cfg-if"
version = "1.0.0"
source = "registry+https://github.com/rust-lang/crates.io-index"
checksum = "baf1de4339761588bc0619e3cbc0120ee582ebb74b53b4efbf79117bd2da40fd"

[[package]]
name = "chrono"
version = "0.4.40"
source = "registry+https://github.com/rust-lang/crates.io-index"
checksum = "1a7964611d71df112cb1730f2ee67324fcf4d0fc6606acbbe9bfe06df124637c"
dependencies = [
 "android-tzdata",
 "iana-time-zone",
 "js-sys",
 "num-traits",
 "serde",
 "wasm-bindgen",
 "windows-link",
]

[[package]]
name = "cmake"
version = "0.1.52"
source = "registry+https://github.com/rust-lang/crates.io-index"
checksum = "c682c223677e0e5b6b7f63a64b9351844c3f1b1678a68b7ee617e30fb082620e"
dependencies = [
 "cc",
]

[[package]]
name = "cmk"
version = "0.1.2"
source = "registry+https://github.com/rust-lang/crates.io-index"
checksum = "8fd5de2a10e31b3ec3e8d75e7ccf8281ab3ee55de68f7ab6ffa9e21be8d82f22"

[[package]]
name = "core-foundation-sys"
version = "0.8.7"
source = "registry+https://github.com/rust-lang/crates.io-index"
checksum = "773648b94d0e5d620f64f280777445740e61fe701025087ec8b57f45c791888b"

[[package]]
name = "crossbeam"
version = "0.8.4"
source = "registry+https://github.com/rust-lang/crates.io-index"
checksum = "1137cd7e7fc0fb5d3c5a8678be38ec56e819125d8d7907411fe24ccb943faca8"
dependencies = [
 "crossbeam-channel",
 "crossbeam-deque",
 "crossbeam-epoch",
 "crossbeam-queue",
 "crossbeam-utils",
]

[[package]]
name = "crossbeam-channel"
version = "0.5.15"
source = "registry+https://github.com/rust-lang/crates.io-index"
checksum = "82b8f8f868b36967f9606790d1903570de9ceaf870a7bf9fbbd3016d636a2cb2"
dependencies = [
 "crossbeam-utils",
]

[[package]]
name = "crossbeam-deque"
version = "0.8.5"
source = "registry+https://github.com/rust-lang/crates.io-index"
checksum = "613f8cc01fe9cf1a3eb3d7f488fd2fa8388403e97039e2f73692932e291a770d"
dependencies = [
 "crossbeam-epoch",
 "crossbeam-utils",
]

[[package]]
name = "crossbeam-epoch"
version = "0.9.18"
source = "registry+https://github.com/rust-lang/crates.io-index"
checksum = "5b82ac4a3c2ca9c3460964f020e1402edd5753411d7737aa39c3714ad1b5420e"
dependencies = [
 "crossbeam-utils",
]

[[package]]
name = "crossbeam-queue"
version = "0.3.11"
source = "registry+https://github.com/rust-lang/crates.io-index"
checksum = "df0346b5d5e76ac2fe4e327c5fd1118d6be7c51dfb18f9b7922923f287471e35"
dependencies = [
 "crossbeam-utils",
]

[[package]]
name = "crossbeam-utils"
version = "0.8.19"
source = "registry+https://github.com/rust-lang/crates.io-index"
checksum = "248e3bacc7dc6baa3b21e405ee045c3047101a49145e7e9eca583ab4c2ca5345"

[[package]]
name = "either"
version = "1.11.0"
source = "registry+https://github.com/rust-lang/crates.io-index"
checksum = "a47c1c47d2f5964e29c61246e81db715514cd532db6b5116a25ea3c03d6780a2"

[[package]]
name = "embedded-hal"
version = "1.0.0"
source = "registry+https://github.com/rust-lang/crates.io-index"
checksum = "361a90feb7004eca4019fb28352a9465666b24f840f5c3cddf0ff13920590b89"

[[package]]
name = "fltk"
version = "1.5.7"
source = "registry+https://github.com/rust-lang/crates.io-index"
checksum = "3930b72d58dea94d9903c5c733f10876f99415455c17d3219d525aef64920d25"
dependencies = [
 "bitflags 2.4.1",
 "crossbeam-channel",
 "fltk-sys",
 "once_cell",
 "paste",
 "ttf-parser",
]

[[package]]
name = "fltk-sys"
version = "1.5.7"
source = "registry+https://github.com/rust-lang/crates.io-index"
checksum = "3476b9c80f5fbaccbd38215d71a687fe0cbc333186e57c5b41e01d1c15045832"
dependencies = [
 "cmake",
 "cmk",
]

[[package]]
name = "fltk-table"
version = "0.3.4"
source = "registry+https://github.com/rust-lang/crates.io-index"
checksum = "6394b172c2c9a17186e0c13dcd02e39797e0fdc071506c33b2bc53993df84b56"
dependencies = [
 "fltk",
]

[[package]]
name = "fltk-theme"
version = "0.7.5"
source = "registry+https://github.com/rust-lang/crates.io-index"
checksum = "40d05a4e6dbc150473f5d765e1e1839961f86bf3a9169b0e06e0c91ba65eb843"
dependencies = [
 "fltk",
]

[[package]]
name = "futures-core"
version = "0.3.29"
source = "registry+https://github.com/rust-lang/crates.io-index"
checksum = "eb1d22c66e66d9d72e1758f0bd7d4fd0bee04cad842ee34587d68c07e45d088c"

[[package]]
name = "getrandom"
version = "0.3.1"
source = "registry+https://github.com/rust-lang/crates.io-index"
checksum = "43a49c392881ce6d5c3b8cb70f98717b7c07aabbdff06687b9030dbfbe2725f8"
dependencies = [
 "cfg-if",
 "libc",
 "wasi 0.13.3+wasi-0.2.2",
 "windows-targets 0.52.6",
]

[[package]]
name = "gimli"
version = "0.28.0"
source = "registry+https://github.com/rust-lang/crates.io-index"
checksum = "6fb8d784f27acf97159b40fc4db5ecd8aa23b9ad5ef69cdd136d3bc80665f0c0"

[[package]]
name = "glam"
version = "0.27.0"
source = "registry+https://github.com/rust-lang/crates.io-index"
checksum = "9e05e7e6723e3455f4818c7b26e855439f7546cf617ef669d1adedb8669e5cb9"

[[package]]
name = "gpio_status"
version = "0.0.1"
dependencies = [
 "lazy_static",
 "rppal",
 "serde",
 "serde_json",
 "syact",
 "sys-info",
 "tokio",
 "tokio-test",
]

[[package]]
name = "hermit-abi"
version = "0.3.9"
source = "registry+https://github.com/rust-lang/crates.io-index"
checksum = "d231dfb89cfffdbc30e7fc41579ed6066ad03abda9e567ccafae602b97ec5024"

[[package]]
name = "iana-time-zone"
version = "0.1.58"
source = "registry+https://github.com/rust-lang/crates.io-index"
checksum = "8326b86b6cff230b97d0d312a6c40a60726df3332e721f72a1b035f451663b20"
dependencies = [
 "android_system_properties",
 "core-foundation-sys",
 "iana-time-zone-haiku",
 "js-sys",
 "wasm-bindgen",
 "windows-core 0.51.1",
]

[[package]]
name = "iana-time-zone-haiku"
version = "0.1.2"
source = "registry+https://github.com/rust-lang/crates.io-index"
checksum = "f31827a206f56af32e590ba56d5d2d085f558508192593743f16b2306495269f"
dependencies = [
 "cc",
]

[[package]]
name = "itoa"
version = "1.0.9"
source = "registry+https://github.com/rust-lang/crates.io-index"
checksum = "af150ab688ff2122fcef229be89cb50dd66af9e01a4ff320cc137eecc9bacc38"

[[package]]
name = "js-sys"
version = "0.3.65"
source = "registry+https://github.com/rust-lang/crates.io-index"
checksum = "54c0c35952f67de54bb584e9fd912b3023117cbafc0a77d8f3dee1fb5f572fe8"
dependencies = [
 "wasm-bindgen",
]

[[package]]
name = "lazy_static"
version = "1.5.0"
source = "registry+https://github.com/rust-lang/crates.io-index"
checksum = "bbd2bcb4c963f2ddae06a2efc7e9f3591312473c50c6685e1f298068316e66fe"

[[package]]
name = "libc"
version = "0.2.169"
source = "registry+https://github.com/rust-lang/crates.io-index"
checksum = "b5aba8db14291edd000dfcc4d620c7ebfb122c613afb886ca8803fa4e128a20a"

[[package]]
name = "lock_api"
version = "0.4.11"
source = "registry+https://github.com/rust-lang/crates.io-index"
checksum = "3c168f8615b12bc01f9c17e2eb0cc07dcae1940121185446edc3744920e8ef45"
dependencies = [
 "autocfg",
 "scopeguard",
]

[[package]]
name = "log"
version = "0.4.20"
source = "registry+https://github.com/rust-lang/crates.io-index"
checksum = "b5e6163cb8c49088c2c36f57875e58ccd8c87c7427f7fbd50ea6710b2f3f2e8f"

[[package]]
name = "memchr"
version = "2.6.4"
source = "registry+https://github.com/rust-lang/crates.io-index"
checksum = "f665ee40bc4a3c5590afb1e9677db74a508659dfd71e126420da8274909a0167"

[[package]]
name = "miniz_oxide"
version = "0.7.1"
source = "registry+https://github.com/rust-lang/crates.io-index"
checksum = "e7810e0be55b428ada41041c41f32c9f1a42817901b4ccf45fa3d4b6561e74c7"
dependencies = [
 "adler",
]

[[package]]
name = "mio"
version = "1.0.2"
source = "registry+https://github.com/rust-lang/crates.io-index"
checksum = "80e04d1dcff3aae0704555fe5fee3bcfaf3d1fdf8a7e521d5b9d2b42acb52cec"
dependencies = [
 "hermit-abi",
 "libc",
 "wasi 0.11.0+wasi-snapshot-preview1",
 "windows-sys 0.52.0",
]

[[package]]
name = "mkripper"
version = "0.0.1"
dependencies = [
 "amqprs",
 "serde_json",
 "sysinfo",
 "tokio",
 "tokio-test",
]

[[package]]
name = "ntapi"
version = "0.4.1"
source = "registry+https://github.com/rust-lang/crates.io-index"
checksum = "e8a3895c6391c39d7fe7ebc444a87eb2991b2a0bc718fdabd071eec617fc68e4"
dependencies = [
 "winapi",
]

[[package]]
name = "num-traits"
version = "0.2.17"
source = "registry+https://github.com/rust-lang/crates.io-index"
checksum = "39e3200413f237f41ab11ad6d161bc7239c84dcb631773ccd7de3dfe4b5c267c"
dependencies = [
 "autocfg",
]

[[package]]
name = "object"
version = "0.32.1"
source = "registry+https://github.com/rust-lang/crates.io-index"
checksum = "9cf5f9dd3933bd50a9e1f149ec995f39ae2c496d31fd772c1fd45ebc27e902b0"
dependencies = [
 "memchr",
]

[[package]]
name = "once_cell"
version = "1.18.0"
source = "registry+https://github.com/rust-lang/crates.io-index"
checksum = "dd8b5dd2ae5ed71462c540258bedcb51965123ad7e7ccf4b9a8cafaa4a63576d"

[[package]]
name = "parking_lot"
version = "0.12.1"
source = "registry+https://github.com/rust-lang/crates.io-index"
checksum = "3742b2c103b9f06bc9fff0a37ff4912935851bee6d36f3c02bcc755bcfec228f"
dependencies = [
 "lock_api",
 "parking_lot_core",
]

[[package]]
name = "parking_lot_core"
version = "0.9.9"
source = "registry+https://github.com/rust-lang/crates.io-index"
checksum = "4c42a9226546d68acdd9c0a280d17ce19bfe27a46bf68784e4066115788d008e"
dependencies = [
 "cfg-if",
 "libc",
 "redox_syscall",
 "smallvec",
 "windows-targets 0.48.5",
]

[[package]]
name = "paste"
version = "1.0.14"
source = "registry+https://github.com/rust-lang/crates.io-index"
checksum = "de3145af08024dea9fa9914f381a17b8fc6034dfb00f3a84013f7ff43f29ed4c"

[[package]]
name = "pi_pin_tester"
version = "0.0.1"
dependencies = [
 "lazy_static",
 "rppal",
 "serde",
 "serde_json",
 "syact",
 "sys-info",
 "tokio",
 "tokio-test",
]

[[package]]
name = "pi_terminal"
version = "0.0.1"
dependencies = [
 "amqprs",
 "bytesize",
 "chrono",
 "crossbeam",
 "crossbeam-channel",
 "fltk",
 "fltk-table",
 "fltk-theme",
 "lazy_static",
 "rppal",
 "serde",
 "serde_json",
 "sqlite",
 "syact",
 "sys-info",
 "tokio",
 "tokio-test",
 "uuid",
]

[[package]]
name = "pin-project-lite"
version = "0.2.13"
source = "registry+https://github.com/rust-lang/crates.io-index"
checksum = "8afb450f006bf6385ca15ef45d71d2288452bc3683ce2e2cacc0d18e4be60b58"

[[package]]
name = "pkg-config"
version = "0.3.27"
source = "registry+https://github.com/rust-lang/crates.io-index"
checksum = "26072860ba924cbfa98ea39c8c19b4dd6a4a25423dbdf219c1eca91aa0cf6964"

[[package]]
name = "proc-macro2"
version = "1.0.93"
source = "registry+https://github.com/rust-lang/crates.io-index"
checksum = "60946a68e5f9d28b0dc1c21bb8a97ee7d018a8b322fa57838ba31cc878e22d99"
dependencies = [
 "unicode-ident",
]

[[package]]
name = "quote"
version = "1.0.35"
source = "registry+https://github.com/rust-lang/crates.io-index"
checksum = "291ec9ab5efd934aaf503a6466c5d5251535d108ee747472c3977cc5acc868ef"
dependencies = [
 "proc-macro2",
]

[[package]]
name = "rayon"
version = "1.10.0"
source = "registry+https://github.com/rust-lang/crates.io-index"
checksum = "b418a60154510ca1a002a752ca9714984e21e4241e804d32555251faf8b78ffa"
dependencies = [
 "either",
 "rayon-core",
]

[[package]]
name = "rayon-core"
version = "1.12.1"
source = "registry+https://github.com/rust-lang/crates.io-index"
checksum = "1465873a3dfdaa8ae7cb14b4383657caab0b3e8a0aa9ae8e04b044854c8dfce2"
dependencies = [
 "crossbeam-deque",
 "crossbeam-utils",
]

[[package]]
name = "redox_syscall"
version = "0.4.1"
source = "registry+https://github.com/rust-lang/crates.io-index"
checksum = "4722d768eff46b75989dd134e5c353f0d6296e5aaa3132e776cbdb56be7731aa"
dependencies = [
 "bitflags 1.3.2",
]

[[package]]
name = "rppal"
version = "0.22.1"
source = "registry+https://github.com/rust-lang/crates.io-index"
checksum = "c1ce3b019009cff02cb6b0e96e7cc2e5c5b90187dc1a490f8ef1521d0596b026"
dependencies = [
 "libc",
]

[[package]]
name = "rustc-demangle"
version = "0.1.23"
source = "registry+https://github.com/rust-lang/crates.io-index"
checksum = "d626bb9dae77e28219937af045c257c28bfd3f69333c512553507f5f9798cb76"

[[package]]
name = "ryu"
version = "1.0.15"
source = "registry+https://github.com/rust-lang/crates.io-index"
checksum = "1ad4cc8da4ef723ed60bced201181d83791ad433213d8c24efffda1eec85d741"

[[package]]
name = "scopeguard"
version = "1.2.0"
source = "registry+https://github.com/rust-lang/crates.io-index"
checksum = "94143f37725109f92c262ed2cf5e59bce7498c01bcc1502d7b9afe439a4e9f49"

[[package]]
name = "serde"
version = "1.0.219"
source = "registry+https://github.com/rust-lang/crates.io-index"
checksum = "5f0e2c6ed6606019b4e29e69dbaba95b11854410e5347d525002456dbbb786b6"
dependencies = [
 "serde_derive",
]

[[package]]
name = "serde_bytes"
version = "0.11.15"
source = "registry+https://github.com/rust-lang/crates.io-index"
checksum = "387cc504cb06bb40a96c8e04e951fe01854cf6bc921053c954e4a606d9675c6a"
dependencies = [
 "serde",
]

[[package]]
name = "serde_derive"
version = "1.0.219"
source = "registry+https://github.com/rust-lang/crates.io-index"
checksum = "5b0276cf7f2c73365f7157c8123c21cd9a50fbbd844757af28ca1f5925fc2a00"
dependencies = [
 "proc-macro2",
 "quote",
 "syn",
]

[[package]]
name = "serde_json"
version = "1.0.140"
source = "registry+https://github.com/rust-lang/crates.io-index"
checksum = "20068b6e96dc6c9bd23e01df8827e6c7e1f2fddd43c21810382803c136b99373"
dependencies = [
 "itoa",
 "memchr",
 "ryu",
 "serde",
]

[[package]]
name = "serde_repr"
version = "0.1.19"
source = "registry+https://github.com/rust-lang/crates.io-index"
checksum = "6c64451ba24fc7a6a2d60fc75dd9c83c90903b19028d4eff35e88fc1e86564e9"
dependencies = [
 "proc-macro2",
 "quote",
 "syn",
]

[[package]]
name = "signal-hook-registry"
version = "1.4.1"
source = "registry+https://github.com/rust-lang/crates.io-index"
checksum = "d8229b473baa5980ac72ef434c4415e70c4b5e71b423043adb4ba059f89c99a1"
dependencies = [
 "libc",
]

[[package]]
name = "smallvec"
version = "1.11.1"
source = "registry+https://github.com/rust-lang/crates.io-index"
checksum = "942b4a808e05215192e39f4ab80813e599068285906cc91aa64f923db842bd5a"

[[package]]
name = "socket2"
version = "0.5.5"
source = "registry+https://github.com/rust-lang/crates.io-index"
checksum = "7b5fac59a5cb5dd637972e5fca70daf0523c9067fcdc4842f053dae04a18f8e9"
dependencies = [
 "libc",
 "windows-sys 0.48.0",
]

[[package]]
name = "spin_sleep"
version = "1.1.1"
source = "registry+https://github.com/rust-lang/crates.io-index"
checksum = "cafa7900db085f4354dbc7025e25d7a839a14360ea13b5fc4fd717f2d3b23134"
dependencies = [
 "once_cell",
 "winapi",
]

[[package]]
name = "sqlite"
version = "0.37.0"
source = "registry+https://github.com/rust-lang/crates.io-index"
checksum = "f66e9c01a11936154f3910dbba732c01f8b591543bc4d6672bddee79fd9c4783"
dependencies = [
 "sqlite3-sys",
]

[[package]]
name = "sqlite3-src"
version = "0.7.0"
source = "registry+https://github.com/rust-lang/crates.io-index"
checksum = "e5b6d3c860886b0a33e69e421796a5f4a27f23597a182c2450f6d7ace5103120"
dependencies = [
 "cc",
 "pkg-config",
]

[[package]]
name = "sqlite3-sys"
version = "0.18.0"
source = "registry+https://github.com/rust-lang/crates.io-index"
checksum = "a7781d97adc13a1d5081127a9ee29afad8427f3757bd984daf814d8265267039"
dependencies = [
 "sqlite3-src",
]

[[package]]
name = "syact"
version = "0.13.7"
source = "registry+https://github.com/rust-lang/crates.io-index"
checksum = "601f07ff57a7b98195430de1ce50972f094c69d6cfdbaae06e7a888cf320f335"
dependencies = [
 "atomic_float",
 "cfg-if",
 "embedded-hal",
 "glam",
 "log",
 "serde",
 "serde_json",
 "serde_repr",
 "spin_sleep",
 "syact_macros",
 "syunit",
]

[[package]]
name = "syact_macros"
version = "0.1.1"
source = "registry+https://github.com/rust-lang/crates.io-index"
checksum = "7755e52f0b3e4de06be25702626bb4ed3f7a0f9bc15783852d0444c30b5fffea"
dependencies = [
 "proc-macro2",
 "quote",
 "syn",
]

[[package]]
name = "syn"
version = "2.0.96"
source = "registry+https://github.com/rust-lang/crates.io-index"
checksum = "d5d0adab1ae378d7f53bdebc67a39f1f151407ef230f0ce2883572f5d8985c80"
dependencies = [
 "proc-macro2",
 "quote",
 "unicode-ident",
]

[[package]]
name = "sys-info"
version = "0.9.1"
source = "registry+https://github.com/rust-lang/crates.io-index"
checksum = "0b3a0d0aba8bf96a0e1ddfdc352fc53b3df7f39318c71854910c3c4b024ae52c"
dependencies = [
 "cc",
 "libc",
]

[[package]]
name = "sysinfo"
version = "0.33.1"
source = "registry+https://github.com/rust-lang/crates.io-index"
checksum = "4fc858248ea01b66f19d8e8a6d55f41deaf91e9d495246fd01368d99935c6c01"
dependencies = [
 "core-foundation-sys",
 "libc",
 "memchr",
 "ntapi",
 "rayon",
 "windows",
]

[[package]]
name = "syunit"
version = "0.2.1"
source = "registry+https://github.com/rust-lang/crates.io-index"
checksum = "853a7250015970a4b9ca59afbd78c408d2e778a4cb0b46995cf15c1a3bc7ff42"
dependencies = [
 "serde",
]

[[package]]
name = "tokio"
version = "1.44.2"
source = "registry+https://github.com/rust-lang/crates.io-index"
checksum = "e6b88822cbe49de4185e3a4cbf8321dd487cf5fe0c5c65695fef6346371e9c48"
dependencies = [
 "backtrace",
 "bytes",
 "libc",
 "mio",
 "parking_lot",
 "pin-project-lite",
 "signal-hook-registry",
 "socket2",
 "tokio-macros",
 "windows-sys 0.52.0",
]

[[package]]
name = "tokio-macros"
version = "2.5.0"
source = "registry+https://github.com/rust-lang/crates.io-index"
checksum = "6e06d43f1345a3bcd39f6a56dbb7dcab2ba47e68e8ac134855e7e2bdbaf8cab8"
dependencies = [
 "proc-macro2",
 "quote",
 "syn",
]

[[package]]
name = "tokio-stream"
version = "0.1.14"
source = "registry+https://github.com/rust-lang/crates.io-index"
checksum = "397c988d37662c7dda6d2208364a706264bf3d6138b11d436cbac0ad38832842"
dependencies = [
 "futures-core",
 "pin-project-lite",
 "tokio",
]

[[package]]
name = "tokio-test"
version = "0.4.3"
source = "registry+https://github.com/rust-lang/crates.io-index"
checksum = "e89b3cbabd3ae862100094ae433e1def582cf86451b4e9bf83aa7ac1d8a7d719"
dependencies = [
 "async-stream",
 "bytes",
 "futures-core",
 "tokio",
 "tokio-stream",
]

[[package]]
name = "ttf-parser"
version = "0.25.1"
source = "registry+https://github.com/rust-lang/crates.io-index"
checksum = "d2df906b07856748fa3f6e0ad0cbaa047052d4a7dd609e231c4f72cee8c36f31"

[[package]]
name = "unicode-ident"
version = "1.0.12"
source = "registry+https://github.com/rust-lang/crates.io-index"
checksum = "3354b9ac3fae1ff6755cb6db53683adb661634f67557942dea4facebec0fee4b"

[[package]]
name = "uuid"
version = "1.16.0"
source = "registry+https://github.com/rust-lang/crates.io-index"
checksum = "458f7a779bf54acc9f347480ac654f68407d3aab21269a6e3c9f922acd9e2da9"
dependencies = [
 "getrandom",
 "serde",
]

[[package]]
name = "wasi"
version = "0.11.0+wasi-snapshot-preview1"
source = "registry+https://github.com/rust-lang/crates.io-index"
checksum = "9c8d87e72b64a3b4db28d11ce29237c246188f4f51057d65a7eab63b7987e423"

[[package]]
name = "wasi"
version = "0.13.3+wasi-0.2.2"
source = "registry+https://github.com/rust-lang/crates.io-index"
checksum = "26816d2e1a4a36a2940b96c5296ce403917633dff8f3440e9b236ed6f6bacad2"
dependencies = [
 "wit-bindgen-rt",
]

[[package]]
name = "wasm-bindgen"
version = "0.2.88"
source = "registry+https://github.com/rust-lang/crates.io-index"
checksum = "7daec296f25a1bae309c0cd5c29c4b260e510e6d813c286b19eaadf409d40fce"
dependencies = [
 "cfg-if",
 "wasm-bindgen-macro",
]

[[package]]
name = "wasm-bindgen-backend"
version = "0.2.88"
source = "registry+https://github.com/rust-lang/crates.io-index"
checksum = "e397f4664c0e4e428e8313a469aaa58310d302159845980fd23b0f22a847f217"
dependencies = [
 "bumpalo",
 "log",
 "once_cell",
 "proc-macro2",
 "quote",
 "syn",
 "wasm-bindgen-shared",
]

[[package]]
name = "wasm-bindgen-macro"
version = "0.2.88"
source = "registry+https://github.com/rust-lang/crates.io-index"
checksum = "5961017b3b08ad5f3fe39f1e79877f8ee7c23c5e5fd5eb80de95abc41f1f16b2"
dependencies = [
 "quote",
 "wasm-bindgen-macro-support",
]

[[package]]
name = "wasm-bindgen-macro-support"
version = "0.2.88"
source = "registry+https://github.com/rust-lang/crates.io-index"
checksum = "c5353b8dab669f5e10f5bd76df26a9360c748f054f862ff5f3f8aae0c7fb3907"
dependencies = [
 "proc-macro2",
 "quote",
 "syn",
 "wasm-bindgen-backend",
 "wasm-bindgen-shared",
]

[[package]]
name = "wasm-bindgen-shared"
version = "0.2.88"
source = "registry+https://github.com/rust-lang/crates.io-index"
checksum = "0d046c5d029ba91a1ed14da14dca44b68bf2f124cfbaf741c54151fdb3e0750b"

[[package]]
name = "winapi"
version = "0.3.9"
source = "registry+https://github.com/rust-lang/crates.io-index"
checksum = "5c839a674fcd7a98952e593242ea400abe93992746761e38641405d28b00f419"
dependencies = [
 "winapi-i686-pc-windows-gnu",
 "winapi-x86_64-pc-windows-gnu",
]

[[package]]
name = "winapi-i686-pc-windows-gnu"
version = "0.4.0"
source = "registry+https://github.com/rust-lang/crates.io-index"
checksum = "ac3b87c63620426dd9b991e5ce0329eff545bccbbb34f3be09ff6fb6ab51b7b6"

[[package]]
name = "winapi-x86_64-pc-windows-gnu"
version = "0.4.0"
source = "registry+https://github.com/rust-lang/crates.io-index"
checksum = "712e227841d057c1ee1cd2fb22fa7e5a5461ae8e48fa2ca79ec42cfc1931183f"

[[package]]
name = "windows"
version = "0.57.0"
source = "registry+https://github.com/rust-lang/crates.io-index"
checksum = "12342cb4d8e3b046f3d80effd474a7a02447231330ef77d71daa6fbc40681143"
dependencies = [
 "windows-core 0.57.0",
 "windows-targets 0.52.6",
]

[[package]]
name = "windows-core"
version = "0.51.1"
source = "registry+https://github.com/rust-lang/crates.io-index"
checksum = "f1f8cf84f35d2db49a46868f947758c7a1138116f7fac3bc844f43ade1292e64"
dependencies = [
 "windows-targets 0.48.5",
]

[[package]]
name = "windows-core"
version = "0.57.0"
source = "registry+https://github.com/rust-lang/crates.io-index"
checksum = "d2ed2439a290666cd67ecce2b0ffaad89c2a56b976b736e6ece670297897832d"
dependencies = [
 "windows-implement",
 "windows-interface",
 "windows-result",
 "windows-targets 0.52.6",
]

[[package]]
name = "windows-implement"
version = "0.57.0"
source = "registry+https://github.com/rust-lang/crates.io-index"
checksum = "9107ddc059d5b6fbfbffdfa7a7fe3e22a226def0b2608f72e9d552763d3e1ad7"
dependencies = [
 "proc-macro2",
 "quote",
 "syn",
]

[[package]]
name = "windows-interface"
version = "0.57.0"
source = "registry+https://github.com/rust-lang/crates.io-index"
checksum = "29bee4b38ea3cde66011baa44dba677c432a78593e202392d1e9070cf2a7fca7"
dependencies = [
 "proc-macro2",
 "quote",
 "syn",
]

[[package]]
name = "windows-link"
version = "0.1.0"
source = "registry+https://github.com/rust-lang/crates.io-index"
checksum = "6dccfd733ce2b1753b03b6d3c65edf020262ea35e20ccdf3e288043e6dd620e3"

[[package]]
name = "windows-result"
version = "0.1.2"
source = "registry+https://github.com/rust-lang/crates.io-index"
checksum = "5e383302e8ec8515204254685643de10811af0ed97ea37210dc26fb0032647f8"
dependencies = [
 "windows-targets 0.52.6",
]

[[package]]
name = "windows-sys"
version = "0.48.0"
source = "registry+https://github.com/rust-lang/crates.io-index"
checksum = "677d2418bec65e3338edb076e806bc1ec15693c5d0104683f2efe857f61056a9"
dependencies = [
 "windows-targets 0.48.5",
]

[[package]]
name = "windows-sys"
version = "0.52.0"
source = "registry+https://github.com/rust-lang/crates.io-index"
checksum = "282be5f36a8ce781fad8c8ae18fa3f9beff57ec1b52cb3de0789201425d9a33d"
dependencies = [
 "windows-targets 0.52.6",
]

[[package]]
name = "windows-targets"
version = "0.48.5"
source = "registry+https://github.com/rust-lang/crates.io-index"
checksum = "9a2fa6e2155d7247be68c096456083145c183cbbbc2764150dda45a87197940c"
dependencies = [
 "windows_aarch64_gnullvm 0.48.5",
 "windows_aarch64_msvc 0.48.5",
 "windows_i686_gnu 0.48.5",
 "windows_i686_msvc 0.48.5",
 "windows_x86_64_gnu 0.48.5",
 "windows_x86_64_gnullvm 0.48.5",
 "windows_x86_64_msvc 0.48.5",
]

[[package]]
name = "windows-targets"
version = "0.52.6"
source = "registry+https://github.com/rust-lang/crates.io-index"
checksum = "9b724f72796e036ab90c1021d4780d4d3d648aca59e491e6b98e725b84e99973"
dependencies = [
 "windows_aarch64_gnullvm 0.52.6",
 "windows_aarch64_msvc 0.52.6",
 "windows_i686_gnu 0.52.6",
 "windows_i686_gnullvm",
 "windows_i686_msvc 0.52.6",
 "windows_x86_64_gnu 0.52.6",
 "windows_x86_64_gnullvm 0.52.6",
 "windows_x86_64_msvc 0.52.6",
]

[[package]]
name = "windows_aarch64_gnullvm"
version = "0.48.5"
source = "registry+https://github.com/rust-lang/crates.io-index"
checksum = "2b38e32f0abccf9987a4e3079dfb67dcd799fb61361e53e2882c3cbaf0d905d8"

[[package]]
name = "windows_aarch64_gnullvm"
version = "0.52.6"
source = "registry+https://github.com/rust-lang/crates.io-index"
checksum = "32a4622180e7a0ec044bb555404c800bc9fd9ec262ec147edd5989ccd0c02cd3"

[[package]]
name = "windows_aarch64_msvc"
version = "0.48.5"
source = "registry+https://github.com/rust-lang/crates.io-index"
checksum = "dc35310971f3b2dbbf3f0690a219f40e2d9afcf64f9ab7cc1be722937c26b4bc"

[[package]]
name = "windows_aarch64_msvc"
version = "0.52.6"
source = "registry+https://github.com/rust-lang/crates.io-index"
checksum = "09ec2a7bb152e2252b53fa7803150007879548bc709c039df7627cabbd05d469"

[[package]]
name = "windows_i686_gnu"
version = "0.48.5"
source = "registry+https://github.com/rust-lang/crates.io-index"
checksum = "a75915e7def60c94dcef72200b9a8e58e5091744960da64ec734a6c6e9b3743e"

[[package]]
name = "windows_i686_gnu"
version = "0.52.6"
source = "registry+https://github.com/rust-lang/crates.io-index"
checksum = "8e9b5ad5ab802e97eb8e295ac6720e509ee4c243f69d781394014ebfe8bbfa0b"

[[package]]
name = "windows_i686_gnullvm"
version = "0.52.6"
source = "registry+https://github.com/rust-lang/crates.io-index"
checksum = "0eee52d38c090b3caa76c563b86c3a4bd71ef1a819287c19d586d7334ae8ed66"

[[package]]
name = "windows_i686_msvc"
version = "0.48.5"
source = "registry+https://github.com/rust-lang/crates.io-index"
checksum = "8f55c233f70c4b27f66c523580f78f1004e8b5a8b659e05a4eb49d4166cca406"

[[package]]
name = "windows_i686_msvc"
version = "0.52.6"
source = "registry+https://github.com/rust-lang/crates.io-index"
checksum = "240948bc05c5e7c6dabba28bf89d89ffce3e303022809e73deaefe4f6ec56c66"

[[package]]
name = "windows_x86_64_gnu"
version = "0.48.5"
source = "registry+https://github.com/rust-lang/crates.io-index"
checksum = "53d40abd2583d23e4718fddf1ebec84dbff8381c07cae67ff7768bbf19c6718e"

[[package]]
name = "windows_x86_64_gnu"
version = "0.52.6"
source = "registry+https://github.com/rust-lang/crates.io-index"
checksum = "147a5c80aabfbf0c7d901cb5895d1de30ef2907eb21fbbab29ca94c5b08b1a78"

[[package]]
name = "windows_x86_64_gnullvm"
version = "0.48.5"
source = "registry+https://github.com/rust-lang/crates.io-index"
checksum = "0b7b52767868a23d5bab768e390dc5f5c55825b6d30b86c844ff2dc7414044cc"

[[package]]
name = "windows_x86_64_gnullvm"
version = "0.52.6"
source = "registry+https://github.com/rust-lang/crates.io-index"
checksum = "24d5b23dc417412679681396f2b49f3de8c1473deb516bd34410872eff51ed0d"

[[package]]
name = "windows_x86_64_msvc"
version = "0.48.5"
source = "registry+https://github.com/rust-lang/crates.io-index"
checksum = "ed94fce61571a4006852b7389a063ab983c02eb1bb37b47f8272ce92d06d9538"

[[package]]
name = "windows_x86_64_msvc"
version = "0.52.6"
source = "registry+https://github.com/rust-lang/crates.io-index"
checksum = "589f6da84c646204747d1270a2a5661ea66ed1cced2631d546fdfb155959f9ec"

[[package]]
name = "wit-bindgen-rt"
version = "0.33.0"
source = "registry+https://github.com/rust-lang/crates.io-index"
checksum = "3268f3d866458b787f390cf61f4bbb563b922d091359f9608842999eaee3943c"
dependencies = [
 "bitflags 2.4.1",
]
